
Microsoft Visual Studio Solution File, Format Version 12.00
# Visual Studio Version 17
VisualStudioVersion = 17.9.34723.18
MinimumVisualStudioVersion = 10.0.40219.1
Project("{FAE04EC0-301F-11D3-BF4B-00C04F79EFBC}") = "BookShop.API", "BookShop.API\BookShop.API.csproj", "{0E5B0CD2-D7C6-4562-9C14-0F6D43766653}"
EndProject
Global
	GlobalSection(SolutionConfigurationPlatforms) = preSolution
		Debug|Any CPU = Debug|Any CPU
		Release|Any CPU = Release|Any CPU
	EndGlobalSection
	GlobalSection(ProjectConfigurationPlatforms) = postSolution
		{0E5B0CD2-D7C6-4562-9C14-0F6D43766653}.Debug|Any CPU.ActiveCfg = Debug|Any CPU
		{0E5B0CD2-D7C6-4562-9C14-0F6D43766653}.Debug|Any CPU.Build.0 = Debug|Any CPU
		{0E5B0CD2-D7C6-4562-9C14-0F6D43766653}.Release|Any CPU.ActiveCfg = Release|Any CPU
		{0E5B0CD2-D7C6-4562-9C14-0F6D43766653}.Release|Any CPU.Build.0 = Release|Any CPU
	EndGlobalSection
	GlobalSection(SolutionProperties) = preSolution
		HideSolutionNode = FALSE
	EndGlobalSection
	GlobalSection(ExtensibilityGlobals) = postSolution
		SolutionGuid = {896398A3-3B7D-443C-BB42-9B1227D5E837}
	EndGlobalSection
EndGlobal
